
Microsoft Visual Studio Solution File, Format Version 12.00
# Visual Studio 15
VisualStudioVersion = 15.0.28307.902
MinimumVisualStudioVersion = 10.0.40219.1
Project("{2150E333-8FDC-42A3-9474-1A3956D46DE8}") = "_", "_", "{F11F4FB5-AC26-4887-931D-AE2CC250A6E7}"
	ProjectSection(SolutionItems) = preProject
		ReadMe.txt = ReadMe.txt
	EndProjectSection
EndProject
Project("{2150E333-8FDC-42A3-9474-1A3956D46DE8}") = "00", "00", "{15446DDE-237C-417F-BD55-864B6909EC24}"
EndProject
Project("{2150E333-8FDC-42A3-9474-1A3956D46DE8}") = "01", "01", "{06E2356D-32AD-474D-898E-5612E2419A2D}"
EndProject
Project("{2150E333-8FDC-42A3-9474-1A3956D46DE8}") = "02", "02", "{C3602CBA-22FB-458C-84F3-1E903DB97809}"
EndProject
Project("{2150E333-8FDC-42A3-9474-1A3956D46DE8}") = "03", "03", "{0C1C0DE5-BCBB-4A7D-A6EE-974914589A4C}"
EndProject
Project("{2150E333-8FDC-42A3-9474-1A3956D46DE8}") = "04", "04", "{6D05B24B-EB2C-4F55-ADD1-A34B3203C286}"
EndProject
Project("{2150E333-8FDC-42A3-9474-1A3956D46DE8}") = "05", "05", "{1FEF95B9-9918-416D-A183-E1B523DD313F}"
EndProject
Project("{2150E333-8FDC-42A3-9474-1A3956D46DE8}") = "06", "06", "{C0161779-B86D-470B-AF35-E8BDDC6D2870}"
EndProject
Project("{2150E333-8FDC-42A3-9474-1A3956D46DE8}") = "07", "07", "{894B205C-7471-4E07-AD27-B0AF6B9CA925}"
EndProject
Project("{2150E333-8FDC-42A3-9474-1A3956D46DE8}") = "08", "08", "{C3F3BB68-F3E2-487D-ABE5-1CEF56A7C8A4}"
EndProject
Project("{2150E333-8FDC-42A3-9474-1A3956D46DE8}") = "09", "09", "{8F1EBF1C-CEEE-42AA-B028-9753B4D1D27E}"
EndProject
Project("{2150E333-8FDC-42A3-9474-1A3956D46DE8}") = "10", "10", "{4130B680-5C15-45E8-817B-34E1D9F056D1}"
EndProject
Project("{2150E333-8FDC-42A3-9474-1A3956D46DE8}") = "11", "11", "{6EAAD263-BB9B-47D2-A757-7F70C8896A15}"
EndProject
Project("{2150E333-8FDC-42A3-9474-1A3956D46DE8}") = "12", "12", "{7919B9DC-3CB8-4327-9970-4E93C0888969}"
EndProject
Project("{FAE04EC0-301F-11D3-BF4B-00C04F79EFBC}") = "KorištenjeObjekata", "KorištenjeObjekata\KorištenjeObjekata.csproj", "{1CADDFF5-8CBF-4AB3-AAA9-46105C7BCF93}"
EndProject
Project("{FAE04EC0-301F-11D3-BF4B-00C04F79EFBC}") = "DefinicijaTipa", "DefinicijaTipa\DefinicijaTipa.csproj", "{7EE5E4CE-6CE5-48E8-8DDF-038EF3B09671}"
EndProject
Project("{FAE04EC0-301F-11D3-BF4B-00C04F79EFBC}") = "Class-Struct", "Class-Struct\Class-Struct.csproj", "{C7F22F68-59E1-44C2-A5E5-E08131540069}"
EndProject
Project("{FAE04EC0-301F-11D3-BF4B-00C04F79EFBC}") = "Internal1", "Internal1\Internal1.csproj", "{A39D264C-C52C-4463-830F-134CA7376983}"
EndProject
Project("{FAE04EC0-301F-11D3-BF4B-00C04F79EFBC}") = "Internal2", "Internal2\Internal2.csproj", "{DE4F21BB-160A-433E-A4F8-602893CF730B}"
EndProject
Project("{FAE04EC0-301F-11D3-BF4B-00C04F79EFBC}") = "UgnježđenaKlasa", "UgnježđenaKlasa\UgnježđenaKlasa.csproj", "{16D212E5-65FC-4B99-92D1-E9162017C0C7}"
EndProject
Project("{FAE04EC0-301F-11D3-BF4B-00C04F79EFBC}") = "StatičkiČlanovi", "StatičkiČlanovi\StatičkiČlanovi.csproj", "{9268D779-9B10-4A2C-9DCB-42FA25E78EE5}"
EndProject
Project("{FAE04EC0-301F-11D3-BF4B-00C04F79EFBC}") = "KonstruktorKlase", "KonstruktorKlase\KonstruktorKlase.csproj", "{6EB72AB0-E0B7-41DA-9924-8702B0FD7E6D}"
EndProject
Project("{FAE04EC0-301F-11D3-BF4B-00C04F79EFBC}") = "KonstruktorStrukture", "KonstruktorStrukture\KonstruktorStrukture.csproj", "{24F24AB4-D8AA-4FE1-B96B-CDB6D64F5FB1}"
EndProject
Project("{FAE04EC0-301F-11D3-BF4B-00C04F79EFBC}") = "DelegiranjeKonstruktora", "DelegiranjeKonstruktora\DelegiranjeKonstruktora.csproj", "{FFAE186B-D1E6-4D9C-BED1-9DC7950C56BA}"
EndProject
Project("{FAE04EC0-301F-11D3-BF4B-00C04F79EFBC}") = "StatičkiKonstruktor", "StatičkiKonstruktor\StatičkiKonstruktor.csproj", "{07A08CE8-2249-4018-AFA2-13B40ADECEF3}"
EndProject
Project("{FAE04EC0-301F-11D3-BF4B-00C04F79EFBC}") = "Destruktor", "Destruktor\Destruktor.csproj", "{DE6C63CD-4C06-4F30-9D70-17A183E59780}"
EndProject
Project("{FAE04EC0-301F-11D3-BF4B-00C04F79EFBC}") = "GCCollect", "GCCollect\GCCollect.csproj", "{D76A9729-80E0-46E8-BE92-38CDF802ED90}"
EndProject
Project("{FAE04EC0-301F-11D3-BF4B-00C04F79EFBC}") = "IDisposable", "IDisposable\IDisposable.csproj", "{9FC8B483-84D1-4EF9-BA54-3547A43FA1DD}"
EndProject
Project("{FAE04EC0-301F-11D3-BF4B-00C04F79EFBC}") = "Testovi", "Testovi\Testovi.csproj", "{66A6A458-523E-4A17-ADEE-06713510EEDD}"
EndProject
Global
	GlobalSection(SolutionConfigurationPlatforms) = preSolution
		Debug|Any CPU = Debug|Any CPU
		Release|Any CPU = Release|Any CPU
	EndGlobalSection
	GlobalSection(ProjectConfigurationPlatforms) = postSolution
		{1CADDFF5-8CBF-4AB3-AAA9-46105C7BCF93}.Debug|Any CPU.ActiveCfg = Debug|Any CPU
		{1CADDFF5-8CBF-4AB3-AAA9-46105C7BCF93}.Debug|Any CPU.Build.0 = Debug|Any CPU
		{1CADDFF5-8CBF-4AB3-AAA9-46105C7BCF93}.Release|Any CPU.ActiveCfg = Release|Any CPU
		{1CADDFF5-8CBF-4AB3-AAA9-46105C7BCF93}.Release|Any CPU.Build.0 = Release|Any CPU
		{7EE5E4CE-6CE5-48E8-8DDF-038EF3B09671}.Debug|Any CPU.ActiveCfg = Debug|Any CPU
		{7EE5E4CE-6CE5-48E8-8DDF-038EF3B09671}.Debug|Any CPU.Build.0 = Debug|Any CPU
		{7EE5E4CE-6CE5-48E8-8DDF-038EF3B09671}.Release|Any CPU.ActiveCfg = Release|Any CPU
		{7EE5E4CE-6CE5-48E8-8DDF-038EF3B09671}.Release|Any CPU.Build.0 = Release|Any CPU
		{C7F22F68-59E1-44C2-A5E5-E08131540069}.Debug|Any CPU.ActiveCfg = Debug|Any CPU
		{C7F22F68-59E1-44C2-A5E5-E08131540069}.Debug|Any CPU.Build.0 = Debug|Any CPU
		{C7F22F68-59E1-44C2-A5E5-E08131540069}.Release|Any CPU.ActiveCfg = Release|Any CPU
		{C7F22F68-59E1-44C2-A5E5-E08131540069}.Release|Any CPU.Build.0 = Release|Any CPU
		{A39D264C-C52C-4463-830F-134CA7376983}.Debug|Any CPU.ActiveCfg = Debug|Any CPU
		{A39D264C-C52C-4463-830F-134CA7376983}.Debug|Any CPU.Build.0 = Debug|Any CPU
		{A39D264C-C52C-4463-830F-134CA7376983}.Release|Any CPU.ActiveCfg = Release|Any CPU
		{A39D264C-C52C-4463-830F-134CA7376983}.Release|Any CPU.Build.0 = Release|Any CPU
		{DE4F21BB-160A-433E-A4F8-602893CF730B}.Debug|Any CPU.ActiveCfg = Debug|Any CPU
		{DE4F21BB-160A-433E-A4F8-602893CF730B}.Debug|Any CPU.Build.0 = Debug|Any CPU
		{DE4F21BB-160A-433E-A4F8-602893CF730B}.Release|Any CPU.ActiveCfg = Release|Any CPU
		{DE4F21BB-160A-433E-A4F8-602893CF730B}.Release|Any CPU.Build.0 = Release|Any CPU
		{16D212E5-65FC-4B99-92D1-E9162017C0C7}.Debug|Any CPU.ActiveCfg = Debug|Any CPU
		{16D212E5-65FC-4B99-92D1-E9162017C0C7}.Debug|Any CPU.Build.0 = Debug|Any CPU
		{16D212E5-65FC-4B99-92D1-E9162017C0C7}.Release|Any CPU.ActiveCfg = Release|Any CPU
		{16D212E5-65FC-4B99-92D1-E9162017C0C7}.Release|Any CPU.Build.0 = Release|Any CPU
		{9268D779-9B10-4A2C-9DCB-42FA25E78EE5}.Debug|Any CPU.ActiveCfg = Debug|Any CPU
		{9268D779-9B10-4A2C-9DCB-42FA25E78EE5}.Debug|Any CPU.Build.0 = Debug|Any CPU
		{9268D779-9B10-4A2C-9DCB-42FA25E78EE5}.Release|Any CPU.ActiveCfg = Release|Any CPU
		{9268D779-9B10-4A2C-9DCB-42FA25E78EE5}.Release|Any CPU.Build.0 = Release|Any CPU
		{6EB72AB0-E0B7-41DA-9924-8702B0FD7E6D}.Debug|Any CPU.ActiveCfg = Debug|Any CPU
		{6EB72AB0-E0B7-41DA-9924-8702B0FD7E6D}.Debug|Any CPU.Build.0 = Debug|Any CPU
		{6EB72AB0-E0B7-41DA-9924-8702B0FD7E6D}.Release|Any CPU.ActiveCfg = Release|Any CPU
		{6EB72AB0-E0B7-41DA-9924-8702B0FD7E6D}.Release|Any CPU.Build.0 = Release|Any CPU
		{24F24AB4-D8AA-4FE1-B96B-CDB6D64F5FB1}.Debug|Any CPU.ActiveCfg = Debug|Any CPU
		{24F24AB4-D8AA-4FE1-B96B-CDB6D64F5FB1}.Debug|Any CPU.Build.0 = Debug|Any CPU
		{24F24AB4-D8AA-4FE1-B96B-CDB6D64F5FB1}.Release|Any CPU.ActiveCfg = Release|Any CPU
		{24F24AB4-D8AA-4FE1-B96B-CDB6D64F5FB1}.Release|Any CPU.Build.0 = Release|Any CPU
		{FFAE186B-D1E6-4D9C-BED1-9DC7950C56BA}.Debug|Any CPU.ActiveCfg = Debug|Any CPU
		{FFAE186B-D1E6-4D9C-BED1-9DC7950C56BA}.Debug|Any CPU.Build.0 = Debug|Any CPU
		{FFAE186B-D1E6-4D9C-BED1-9DC7950C56BA}.Release|Any CPU.ActiveCfg = Release|Any CPU
		{FFAE186B-D1E6-4D9C-BED1-9DC7950C56BA}.Release|Any CPU.Build.0 = Release|Any CPU
		{07A08CE8-2249-4018-AFA2-13B40ADECEF3}.Debug|Any CPU.ActiveCfg = Debug|Any CPU
		{07A08CE8-2249-4018-AFA2-13B40ADECEF3}.Debug|Any CPU.Build.0 = Debug|Any CPU
		{07A08CE8-2249-4018-AFA2-13B40ADECEF3}.Release|Any CPU.ActiveCfg = Release|Any CPU
		{07A08CE8-2249-4018-AFA2-13B40ADECEF3}.Release|Any CPU.Build.0 = Release|Any CPU
		{DE6C63CD-4C06-4F30-9D70-17A183E59780}.Debug|Any CPU.ActiveCfg = Debug|Any CPU
		{DE6C63CD-4C06-4F30-9D70-17A183E59780}.Debug|Any CPU.Build.0 = Debug|Any CPU
		{DE6C63CD-4C06-4F30-9D70-17A183E59780}.Release|Any CPU.ActiveCfg = Release|Any CPU
		{DE6C63CD-4C06-4F30-9D70-17A183E59780}.Release|Any CPU.Build.0 = Release|Any CPU
		{D76A9729-80E0-46E8-BE92-38CDF802ED90}.Debug|Any CPU.ActiveCfg = Debug|Any CPU
		{D76A9729-80E0-46E8-BE92-38CDF802ED90}.Debug|Any CPU.Build.0 = Debug|Any CPU
		{D76A9729-80E0-46E8-BE92-38CDF802ED90}.Release|Any CPU.ActiveCfg = Release|Any CPU
		{D76A9729-80E0-46E8-BE92-38CDF802ED90}.Release|Any CPU.Build.0 = Release|Any CPU
		{9FC8B483-84D1-4EF9-BA54-3547A43FA1DD}.Debug|Any CPU.ActiveCfg = Debug|Any CPU
		{9FC8B483-84D1-4EF9-BA54-3547A43FA1DD}.Debug|Any CPU.Build.0 = Debug|Any CPU
		{9FC8B483-84D1-4EF9-BA54-3547A43FA1DD}.Release|Any CPU.ActiveCfg = Release|Any CPU
		{9FC8B483-84D1-4EF9-BA54-3547A43FA1DD}.Release|Any CPU.Build.0 = Release|Any CPU
		{66A6A458-523E-4A17-ADEE-06713510EEDD}.Debug|Any CPU.ActiveCfg = Debug|Any CPU
		{66A6A458-523E-4A17-ADEE-06713510EEDD}.Debug|Any CPU.Build.0 = Debug|Any CPU
		{66A6A458-523E-4A17-ADEE-06713510EEDD}.Release|Any CPU.ActiveCfg = Release|Any CPU
		{66A6A458-523E-4A17-ADEE-06713510EEDD}.Release|Any CPU.Build.0 = Release|Any CPU
	EndGlobalSection
	GlobalSection(SolutionProperties) = preSolution
		HideSolutionNode = FALSE
	EndGlobalSection
	GlobalSection(NestedProjects) = preSolution
		{1CADDFF5-8CBF-4AB3-AAA9-46105C7BCF93} = {15446DDE-237C-417F-BD55-864B6909EC24}
		{7EE5E4CE-6CE5-48E8-8DDF-038EF3B09671} = {06E2356D-32AD-474D-898E-5612E2419A2D}
		{C7F22F68-59E1-44C2-A5E5-E08131540069} = {C3602CBA-22FB-458C-84F3-1E903DB97809}
		{A39D264C-C52C-4463-830F-134CA7376983} = {0C1C0DE5-BCBB-4A7D-A6EE-974914589A4C}
		{DE4F21BB-160A-433E-A4F8-602893CF730B} = {0C1C0DE5-BCBB-4A7D-A6EE-974914589A4C}
		{16D212E5-65FC-4B99-92D1-E9162017C0C7} = {6D05B24B-EB2C-4F55-ADD1-A34B3203C286}
		{9268D779-9B10-4A2C-9DCB-42FA25E78EE5} = {1FEF95B9-9918-416D-A183-E1B523DD313F}
		{6EB72AB0-E0B7-41DA-9924-8702B0FD7E6D} = {C0161779-B86D-470B-AF35-E8BDDC6D2870}
		{24F24AB4-D8AA-4FE1-B96B-CDB6D64F5FB1} = {894B205C-7471-4E07-AD27-B0AF6B9CA925}
		{FFAE186B-D1E6-4D9C-BED1-9DC7950C56BA} = {C3F3BB68-F3E2-487D-ABE5-1CEF56A7C8A4}
		{07A08CE8-2249-4018-AFA2-13B40ADECEF3} = {8F1EBF1C-CEEE-42AA-B028-9753B4D1D27E}
		{DE6C63CD-4C06-4F30-9D70-17A183E59780} = {4130B680-5C15-45E8-817B-34E1D9F056D1}
		{D76A9729-80E0-46E8-BE92-38CDF802ED90} = {6EAAD263-BB9B-47D2-A757-7F70C8896A15}
		{9FC8B483-84D1-4EF9-BA54-3547A43FA1DD} = {7919B9DC-3CB8-4327-9970-4E93C0888969}
	EndGlobalSection
	GlobalSection(ExtensibilityGlobals) = postSolution
		SolutionGuid = {33FD654C-3D66-4CA5-A59E-7AA89498D8B0}
	EndGlobalSection
EndGlobal
