
Microsoft Visual Studio Solution File, Format Version 12.00
# Visual Studio Version 17
VisualStudioVersion = 17.3.32929.385
MinimumVisualStudioVersion = 10.0.40219.1
Project("{2150E333-8FDC-42A3-9474-1A3956D46DE8}") = "_", "_", "{F11F4FB5-AC26-4887-931D-AE2CC250A6E7}"
	ProjectSection(SolutionItems) = preProject
		ReadMe.txt = ReadMe.txt
	EndProjectSection
EndProject
Project("{2150E333-8FDC-42A3-9474-1A3956D46DE8}") = "00", "00", "{15446DDE-237C-417F-BD55-864B6909EC24}"
EndProject
Project("{2150E333-8FDC-42A3-9474-1A3956D46DE8}") = "01", "01", "{06E2356D-32AD-474D-898E-5612E2419A2D}"
EndProject
Project("{2150E333-8FDC-42A3-9474-1A3956D46DE8}") = "02", "02", "{C3602CBA-22FB-458C-84F3-1E903DB97809}"
EndProject
Project("{2150E333-8FDC-42A3-9474-1A3956D46DE8}") = "03", "03", "{0C1C0DE5-BCBB-4A7D-A6EE-974914589A4C}"
EndProject
Project("{2150E333-8FDC-42A3-9474-1A3956D46DE8}") = "04", "04", "{6D05B24B-EB2C-4F55-ADD1-A34B3203C286}"
EndProject
Project("{2150E333-8FDC-42A3-9474-1A3956D46DE8}") = "05", "05", "{1FEF95B9-9918-416D-A183-E1B523DD313F}"
EndProject
Project("{2150E333-8FDC-42A3-9474-1A3956D46DE8}") = "06", "06", "{C0161779-B86D-470B-AF35-E8BDDC6D2870}"
EndProject
Project("{2150E333-8FDC-42A3-9474-1A3956D46DE8}") = "07", "07", "{894B205C-7471-4E07-AD27-B0AF6B9CA925}"
EndProject
Project("{2150E333-8FDC-42A3-9474-1A3956D46DE8}") = "08", "08", "{C3F3BB68-F3E2-487D-ABE5-1CEF56A7C8A4}"
EndProject
Project("{2150E333-8FDC-42A3-9474-1A3956D46DE8}") = "09", "09", "{8F1EBF1C-CEEE-42AA-B028-9753B4D1D27E}"
EndProject
Project("{2150E333-8FDC-42A3-9474-1A3956D46DE8}") = "10", "10", "{4130B680-5C15-45E8-817B-34E1D9F056D1}"
EndProject
Project("{2150E333-8FDC-42A3-9474-1A3956D46DE8}") = "11", "11", "{6EAAD263-BB9B-47D2-A757-7F70C8896A15}"
EndProject
Project("{2150E333-8FDC-42A3-9474-1A3956D46DE8}") = "12", "12", "{7919B9DC-3CB8-4327-9970-4E93C0888969}"
EndProject
Project("{FAE04EC0-301F-11D3-BF4B-00C04F79EFBC}") = "KorištenjeObjekata", "KorištenjeObjekata\KorištenjeObjekata.csproj", "{61E58DF9-1FF1-43BB-9EE9-75823B69F50B}"
EndProject
Project("{FAE04EC0-301F-11D3-BF4B-00C04F79EFBC}") = "DefinicijaTipa", "DefinicijaTipa\DefinicijaTipa.csproj", "{03285094-0CFE-496A-874F-2719646C6F52}"
EndProject
Project("{FAE04EC0-301F-11D3-BF4B-00C04F79EFBC}") = "Class-Struct", "Class-Struct\Class-Struct.csproj", "{2FDCC7A7-3D45-4A52-8968-2950F9EBCDB6}"
EndProject
Project("{FAE04EC0-301F-11D3-BF4B-00C04F79EFBC}") = "Internal1", "Internal1\Internal1.csproj", "{AF423ED8-F7AA-4951-93A8-43D008919DEA}"
EndProject
Project("{FAE04EC0-301F-11D3-BF4B-00C04F79EFBC}") = "Internal2", "Internal2\Internal2.csproj", "{A94D0BA2-7F71-4022-A7A9-CC3B92620B36}"
EndProject
Project("{FAE04EC0-301F-11D3-BF4B-00C04F79EFBC}") = "UgnježđenaKlasa", "UgnježđenaKlasa\UgnježđenaKlasa.csproj", "{E1B0D3BE-4B0C-46FE-B375-1F90DACA5C5B}"
EndProject
Project("{FAE04EC0-301F-11D3-BF4B-00C04F79EFBC}") = "StatičkiČlanovi", "StatičkiČlanovi\StatičkiČlanovi.csproj", "{CFB18EAE-894B-43BA-80D1-314C0ED773F6}"
EndProject
Project("{FAE04EC0-301F-11D3-BF4B-00C04F79EFBC}") = "KonstruktorKlase", "KonstruktorKlase\KonstruktorKlase.csproj", "{5D46B691-A751-4E4C-B1BD-067D76DA6680}"
EndProject
Project("{FAE04EC0-301F-11D3-BF4B-00C04F79EFBC}") = "KonstruktorStrukture", "KonstruktorStrukture\KonstruktorStrukture.csproj", "{FF99A365-A890-440F-9DA6-B1281840855F}"
EndProject
Project("{FAE04EC0-301F-11D3-BF4B-00C04F79EFBC}") = "DelegiranjeKonstruktora", "DelegiranjeKonstruktora\DelegiranjeKonstruktora.csproj", "{97A9831D-5FBF-4744-A5CD-1AED1D3512AC}"
EndProject
Project("{FAE04EC0-301F-11D3-BF4B-00C04F79EFBC}") = "StatičkiKonstruktor", "StatičkiKonstruktor\StatičkiKonstruktor.csproj", "{00247A53-7875-48D0-B22A-5A3AD42E28D5}"
EndProject
Project("{FAE04EC0-301F-11D3-BF4B-00C04F79EFBC}") = "Destruktor", "Destruktor\Destruktor.csproj", "{602B5F5F-93FF-4D1D-A362-689572A72AD5}"
EndProject
Project("{FAE04EC0-301F-11D3-BF4B-00C04F79EFBC}") = "GCCollect", "GCCollect\GCCollect.csproj", "{C900D183-09BF-41DB-9F38-4597D546DFBC}"
EndProject
Project("{FAE04EC0-301F-11D3-BF4B-00C04F79EFBC}") = "IDisposable", "IDisposable\IDisposable.csproj", "{3D54F21C-53B1-47D9-9FC6-4DD6B75A81B5}"
EndProject
Project("{FAE04EC0-301F-11D3-BF4B-00C04F79EFBC}") = "Testovi", "Testovi\Testovi.csproj", "{E5C05949-E052-42F1-BEF4-94E67533AD66}"
EndProject
Global
	GlobalSection(SolutionConfigurationPlatforms) = preSolution
		Debug|Any CPU = Debug|Any CPU
		Release|Any CPU = Release|Any CPU
	EndGlobalSection
	GlobalSection(ProjectConfigurationPlatforms) = postSolution
		{61E58DF9-1FF1-43BB-9EE9-75823B69F50B}.Debug|Any CPU.ActiveCfg = Debug|Any CPU
		{61E58DF9-1FF1-43BB-9EE9-75823B69F50B}.Debug|Any CPU.Build.0 = Debug|Any CPU
		{61E58DF9-1FF1-43BB-9EE9-75823B69F50B}.Release|Any CPU.ActiveCfg = Release|Any CPU
		{61E58DF9-1FF1-43BB-9EE9-75823B69F50B}.Release|Any CPU.Build.0 = Release|Any CPU
		{03285094-0CFE-496A-874F-2719646C6F52}.Debug|Any CPU.ActiveCfg = Debug|Any CPU
		{03285094-0CFE-496A-874F-2719646C6F52}.Debug|Any CPU.Build.0 = Debug|Any CPU
		{03285094-0CFE-496A-874F-2719646C6F52}.Release|Any CPU.ActiveCfg = Release|Any CPU
		{03285094-0CFE-496A-874F-2719646C6F52}.Release|Any CPU.Build.0 = Release|Any CPU
		{2FDCC7A7-3D45-4A52-8968-2950F9EBCDB6}.Debug|Any CPU.ActiveCfg = Debug|Any CPU
		{2FDCC7A7-3D45-4A52-8968-2950F9EBCDB6}.Debug|Any CPU.Build.0 = Debug|Any CPU
		{2FDCC7A7-3D45-4A52-8968-2950F9EBCDB6}.Release|Any CPU.ActiveCfg = Release|Any CPU
		{2FDCC7A7-3D45-4A52-8968-2950F9EBCDB6}.Release|Any CPU.Build.0 = Release|Any CPU
		{AF423ED8-F7AA-4951-93A8-43D008919DEA}.Debug|Any CPU.ActiveCfg = Debug|Any CPU
		{AF423ED8-F7AA-4951-93A8-43D008919DEA}.Debug|Any CPU.Build.0 = Debug|Any CPU
		{AF423ED8-F7AA-4951-93A8-43D008919DEA}.Release|Any CPU.ActiveCfg = Release|Any CPU
		{AF423ED8-F7AA-4951-93A8-43D008919DEA}.Release|Any CPU.Build.0 = Release|Any CPU
		{A94D0BA2-7F71-4022-A7A9-CC3B92620B36}.Debug|Any CPU.ActiveCfg = Debug|Any CPU
		{A94D0BA2-7F71-4022-A7A9-CC3B92620B36}.Debug|Any CPU.Build.0 = Debug|Any CPU
		{A94D0BA2-7F71-4022-A7A9-CC3B92620B36}.Release|Any CPU.ActiveCfg = Release|Any CPU
		{A94D0BA2-7F71-4022-A7A9-CC3B92620B36}.Release|Any CPU.Build.0 = Release|Any CPU
		{E1B0D3BE-4B0C-46FE-B375-1F90DACA5C5B}.Debug|Any CPU.ActiveCfg = Debug|Any CPU
		{E1B0D3BE-4B0C-46FE-B375-1F90DACA5C5B}.Debug|Any CPU.Build.0 = Debug|Any CPU
		{E1B0D3BE-4B0C-46FE-B375-1F90DACA5C5B}.Release|Any CPU.ActiveCfg = Release|Any CPU
		{E1B0D3BE-4B0C-46FE-B375-1F90DACA5C5B}.Release|Any CPU.Build.0 = Release|Any CPU
		{CFB18EAE-894B-43BA-80D1-314C0ED773F6}.Debug|Any CPU.ActiveCfg = Debug|Any CPU
		{CFB18EAE-894B-43BA-80D1-314C0ED773F6}.Debug|Any CPU.Build.0 = Debug|Any CPU
		{CFB18EAE-894B-43BA-80D1-314C0ED773F6}.Release|Any CPU.ActiveCfg = Release|Any CPU
		{CFB18EAE-894B-43BA-80D1-314C0ED773F6}.Release|Any CPU.Build.0 = Release|Any CPU
		{5D46B691-A751-4E4C-B1BD-067D76DA6680}.Debug|Any CPU.ActiveCfg = Debug|Any CPU
		{5D46B691-A751-4E4C-B1BD-067D76DA6680}.Debug|Any CPU.Build.0 = Debug|Any CPU
		{5D46B691-A751-4E4C-B1BD-067D76DA6680}.Release|Any CPU.ActiveCfg = Release|Any CPU
		{5D46B691-A751-4E4C-B1BD-067D76DA6680}.Release|Any CPU.Build.0 = Release|Any CPU
		{FF99A365-A890-440F-9DA6-B1281840855F}.Debug|Any CPU.ActiveCfg = Debug|Any CPU
		{FF99A365-A890-440F-9DA6-B1281840855F}.Debug|Any CPU.Build.0 = Debug|Any CPU
		{FF99A365-A890-440F-9DA6-B1281840855F}.Release|Any CPU.ActiveCfg = Release|Any CPU
		{FF99A365-A890-440F-9DA6-B1281840855F}.Release|Any CPU.Build.0 = Release|Any CPU
		{97A9831D-5FBF-4744-A5CD-1AED1D3512AC}.Debug|Any CPU.ActiveCfg = Debug|Any CPU
		{97A9831D-5FBF-4744-A5CD-1AED1D3512AC}.Debug|Any CPU.Build.0 = Debug|Any CPU
		{97A9831D-5FBF-4744-A5CD-1AED1D3512AC}.Release|Any CPU.ActiveCfg = Release|Any CPU
		{97A9831D-5FBF-4744-A5CD-1AED1D3512AC}.Release|Any CPU.Build.0 = Release|Any CPU
		{00247A53-7875-48D0-B22A-5A3AD42E28D5}.Debug|Any CPU.ActiveCfg = Debug|Any CPU
		{00247A53-7875-48D0-B22A-5A3AD42E28D5}.Debug|Any CPU.Build.0 = Debug|Any CPU
		{00247A53-7875-48D0-B22A-5A3AD42E28D5}.Release|Any CPU.ActiveCfg = Release|Any CPU
		{00247A53-7875-48D0-B22A-5A3AD42E28D5}.Release|Any CPU.Build.0 = Release|Any CPU
		{602B5F5F-93FF-4D1D-A362-689572A72AD5}.Debug|Any CPU.ActiveCfg = Debug|Any CPU
		{602B5F5F-93FF-4D1D-A362-689572A72AD5}.Debug|Any CPU.Build.0 = Debug|Any CPU
		{602B5F5F-93FF-4D1D-A362-689572A72AD5}.Release|Any CPU.ActiveCfg = Release|Any CPU
		{602B5F5F-93FF-4D1D-A362-689572A72AD5}.Release|Any CPU.Build.0 = Release|Any CPU
		{C900D183-09BF-41DB-9F38-4597D546DFBC}.Debug|Any CPU.ActiveCfg = Debug|Any CPU
		{C900D183-09BF-41DB-9F38-4597D546DFBC}.Debug|Any CPU.Build.0 = Debug|Any CPU
		{C900D183-09BF-41DB-9F38-4597D546DFBC}.Release|Any CPU.ActiveCfg = Release|Any CPU
		{C900D183-09BF-41DB-9F38-4597D546DFBC}.Release|Any CPU.Build.0 = Release|Any CPU
		{3D54F21C-53B1-47D9-9FC6-4DD6B75A81B5}.Debug|Any CPU.ActiveCfg = Debug|Any CPU
		{3D54F21C-53B1-47D9-9FC6-4DD6B75A81B5}.Debug|Any CPU.Build.0 = Debug|Any CPU
		{3D54F21C-53B1-47D9-9FC6-4DD6B75A81B5}.Release|Any CPU.ActiveCfg = Release|Any CPU
		{3D54F21C-53B1-47D9-9FC6-4DD6B75A81B5}.Release|Any CPU.Build.0 = Release|Any CPU
		{E5C05949-E052-42F1-BEF4-94E67533AD66}.Debug|Any CPU.ActiveCfg = Debug|Any CPU
		{E5C05949-E052-42F1-BEF4-94E67533AD66}.Debug|Any CPU.Build.0 = Debug|Any CPU
		{E5C05949-E052-42F1-BEF4-94E67533AD66}.Release|Any CPU.ActiveCfg = Release|Any CPU
		{E5C05949-E052-42F1-BEF4-94E67533AD66}.Release|Any CPU.Build.0 = Release|Any CPU
	EndGlobalSection
	GlobalSection(SolutionProperties) = preSolution
		HideSolutionNode = FALSE
	EndGlobalSection
	GlobalSection(NestedProjects) = preSolution
		{61E58DF9-1FF1-43BB-9EE9-75823B69F50B} = {15446DDE-237C-417F-BD55-864B6909EC24}
		{03285094-0CFE-496A-874F-2719646C6F52} = {06E2356D-32AD-474D-898E-5612E2419A2D}
		{2FDCC7A7-3D45-4A52-8968-2950F9EBCDB6} = {C3602CBA-22FB-458C-84F3-1E903DB97809}
		{AF423ED8-F7AA-4951-93A8-43D008919DEA} = {0C1C0DE5-BCBB-4A7D-A6EE-974914589A4C}
		{A94D0BA2-7F71-4022-A7A9-CC3B92620B36} = {0C1C0DE5-BCBB-4A7D-A6EE-974914589A4C}
		{E1B0D3BE-4B0C-46FE-B375-1F90DACA5C5B} = {6D05B24B-EB2C-4F55-ADD1-A34B3203C286}
		{CFB18EAE-894B-43BA-80D1-314C0ED773F6} = {1FEF95B9-9918-416D-A183-E1B523DD313F}
		{5D46B691-A751-4E4C-B1BD-067D76DA6680} = {C0161779-B86D-470B-AF35-E8BDDC6D2870}
		{FF99A365-A890-440F-9DA6-B1281840855F} = {894B205C-7471-4E07-AD27-B0AF6B9CA925}
		{97A9831D-5FBF-4744-A5CD-1AED1D3512AC} = {C3F3BB68-F3E2-487D-ABE5-1CEF56A7C8A4}
		{00247A53-7875-48D0-B22A-5A3AD42E28D5} = {8F1EBF1C-CEEE-42AA-B028-9753B4D1D27E}
		{602B5F5F-93FF-4D1D-A362-689572A72AD5} = {4130B680-5C15-45E8-817B-34E1D9F056D1}
		{C900D183-09BF-41DB-9F38-4597D546DFBC} = {6EAAD263-BB9B-47D2-A757-7F70C8896A15}
		{3D54F21C-53B1-47D9-9FC6-4DD6B75A81B5} = {7919B9DC-3CB8-4327-9970-4E93C0888969}
	EndGlobalSection
	GlobalSection(ExtensibilityGlobals) = postSolution
		SolutionGuid = {33FD654C-3D66-4CA5-A59E-7AA89498D8B0}
	EndGlobalSection
EndGlobal
